
Microsoft Visual Studio Solution File, Format Version 12.00
# Visual Studio Version 17
VisualStudioVersion = 17.5.33502.453
MinimumVisualStudioVersion = 10.0.40219.1
Project("{9A19103F-16F7-4668-BE54-9A1E7A4F7556}") = "Quain.API", "Quain.API\Quain.API.csproj", "{FCD08145-68F6-47A9-918F-2BD9D4DEBAAD}"
EndProject
Project("{9A19103F-16F7-4668-BE54-9A1E7A4F7556}") = "Quain.UT", "Quain.UT\Quain.UT.csproj", "{67E4D0D4-B49A-4B58-9959-8BD282564DAB}"
EndProject
Project("{9A19103F-16F7-4668-BE54-9A1E7A4F7556}") = "Quain.Services", "Quain.Services\Quain.Services.csproj", "{8AA80F0F-3100-46A9-8EB7-07D50FA069EF}"
EndProject
Project("{9A19103F-16F7-4668-BE54-9A1E7A4F7556}") = "Quain.Domain", "Quain.Domain\Quain.Domain.csproj", "{9A0A9188-4BFB-4AC1-9064-C72CF0698EFC}"
EndProject
Project("{9A19103F-16F7-4668-BE54-9A1E7A4F7556}") = "Quain.Repository", "Quain.Repository\Quain.Repository.csproj", "{95C43CE1-C633-4B56-8755-0BE908163A69}"
EndProject
Global
	GlobalSection(SolutionConfigurationPlatforms) = preSolution
		Debug|Any CPU = Debug|Any CPU
		Release|Any CPU = Release|Any CPU
	EndGlobalSection
	GlobalSection(ProjectConfigurationPlatforms) = postSolution
		{FCD08145-68F6-47A9-918F-2BD9D4DEBAAD}.Debug|Any CPU.ActiveCfg = Debug|Any CPU
		{FCD08145-68F6-47A9-918F-2BD9D4DEBAAD}.Debug|Any CPU.Build.0 = Debug|Any CPU
		{FCD08145-68F6-47A9-918F-2BD9D4DEBAAD}.Release|Any CPU.ActiveCfg = Release|Any CPU
		{FCD08145-68F6-47A9-918F-2BD9D4DEBAAD}.Release|Any CPU.Build.0 = Release|Any CPU
		{67E4D0D4-B49A-4B58-9959-8BD282564DAB}.Debug|Any CPU.ActiveCfg = Debug|Any CPU
		{67E4D0D4-B49A-4B58-9959-8BD282564DAB}.Debug|Any CPU.Build.0 = Debug|Any CPU
		{67E4D0D4-B49A-4B58-9959-8BD282564DAB}.Release|Any CPU.ActiveCfg = Release|Any CPU
		{67E4D0D4-B49A-4B58-9959-8BD282564DAB}.Release|Any CPU.Build.0 = Release|Any CPU
		{8AA80F0F-3100-46A9-8EB7-07D50FA069EF}.Debug|Any CPU.ActiveCfg = Debug|Any CPU
		{8AA80F0F-3100-46A9-8EB7-07D50FA069EF}.Debug|Any CPU.Build.0 = Debug|Any CPU
		{8AA80F0F-3100-46A9-8EB7-07D50FA069EF}.Release|Any CPU.ActiveCfg = Release|Any CPU
		{8AA80F0F-3100-46A9-8EB7-07D50FA069EF}.Release|Any CPU.Build.0 = Release|Any CPU
		{9A0A9188-4BFB-4AC1-9064-C72CF0698EFC}.Debug|Any CPU.ActiveCfg = Debug|Any CPU
		{9A0A9188-4BFB-4AC1-9064-C72CF0698EFC}.Debug|Any CPU.Build.0 = Debug|Any CPU
		{9A0A9188-4BFB-4AC1-9064-C72CF0698EFC}.Release|Any CPU.ActiveCfg = Release|Any CPU
		{9A0A9188-4BFB-4AC1-9064-C72CF0698EFC}.Release|Any CPU.Build.0 = Release|Any CPU
		{95C43CE1-C633-4B56-8755-0BE908163A69}.Debug|Any CPU.ActiveCfg = Debug|Any CPU
		{95C43CE1-C633-4B56-8755-0BE908163A69}.Debug|Any CPU.Build.0 = Debug|Any CPU
		{95C43CE1-C633-4B56-8755-0BE908163A69}.Release|Any CPU.ActiveCfg = Release|Any CPU
		{95C43CE1-C633-4B56-8755-0BE908163A69}.Release|Any CPU.Build.0 = Release|Any CPU
	EndGlobalSection
	GlobalSection(SolutionProperties) = preSolution
		HideSolutionNode = FALSE
	EndGlobalSection
	GlobalSection(ExtensibilityGlobals) = postSolution
		SolutionGuid = {F75754D4-B5D6-4221-85DA-DE9702DC7748}
	EndGlobalSection
EndGlobal
